// !$*UTF8*$!
{
	archiveVersion = 1;
	classes = {
	};
	objectVersion = 46;
	objects = {

/* Begin PBXBuildFile section */
		7D1F5CA31ED68525000800B3 /* CustomNavigationController.swift in Sources */ = {isa = PBXBuildFile; fileRef = 7D1F5CA21ED68525000800B3 /* CustomNavigationController.swift */; };
		7D1F5CAD1ED68AA7000800B3 /* HQContentView.swift in Sources */ = {isa = PBXBuildFile; fileRef = 7D1F5CA61ED68AA7000800B3 /* HQContentView.swift */; };
		7D1F5CAE1ED68AA7000800B3 /* HQPageCollectionView.swift in Sources */ = {isa = PBXBuildFile; fileRef = 7D1F5CA71ED68AA7000800B3 /* HQPageCollectionView.swift */; };
		7D1F5CAF1ED68AA7000800B3 /* HQPageCollectionViewLayout.swift in Sources */ = {isa = PBXBuildFile; fileRef = 7D1F5CA81ED68AA7000800B3 /* HQPageCollectionViewLayout.swift */; };
		7D1F5CB01ED68AA7000800B3 /* HQPageView.swift in Sources */ = {isa = PBXBuildFile; fileRef = 7D1F5CA91ED68AA7000800B3 /* HQPageView.swift */; };
		7D1F5CB11ED68AA7000800B3 /* HQTitleLabel.swift in Sources */ = {isa = PBXBuildFile; fileRef = 7D1F5CAA1ED68AA7000800B3 /* HQTitleLabel.swift */; };
		7D1F5CB21ED68AA7000800B3 /* HQTitleStyle.swift in Sources */ = {isa = PBXBuildFile; fileRef = 7D1F5CAB1ED68AA7000800B3 /* HQTitleStyle.swift */; };
		7D1F5CB31ED68AA7000800B3 /* HQTitleView.swift in Sources */ = {isa = PBXBuildFile; fileRef = 7D1F5CAC1ED68AA7000800B3 /* HQTitleView.swift */; };
		7D1F5CB71ED68BCF000800B3 /* QHNormalEmotionSort.plist in Resources */ = {isa = PBXBuildFile; fileRef = 7D1F5CB41ED68BCF000800B3 /* QHNormalEmotionSort.plist */; };
		7D1F5CB81ED68BCF000800B3 /* QHSohuGifSort.plist in Resources */ = {isa = PBXBuildFile; fileRef = 7D1F5CB51ED68BCF000800B3 /* QHSohuGifSort.plist */; };
		7D1F5CB91ED68BCF000800B3 /* types.plist in Resources */ = {isa = PBXBuildFile; fileRef = 7D1F5CB61ED68BCF000800B3 /* types.plist */; };
		7D1F5CBB1ED68C54000800B3 /* HomeTitleModel.swift in Sources */ = {isa = PBXBuildFile; fileRef = 7D1F5CBA1ED68C54000800B3 /* HomeTitleModel.swift */; };
		7D2B4E6D1ED66F0F00770DF4 /* AppDelegate.swift in Sources */ = {isa = PBXBuildFile; fileRef = 7D2B4E6C1ED66F0F00770DF4 /* AppDelegate.swift */; };
		7D2B4E741ED66F0F00770DF4 /* Assets.xcassets in Resources */ = {isa = PBXBuildFile; fileRef = 7D2B4E731ED66F0F00770DF4 /* Assets.xcassets */; };
		7D2B4E8B1ED673CB00770DF4 /* MainViewController.swift in Sources */ = {isa = PBXBuildFile; fileRef = 7D2B4E8A1ED673CB00770DF4 /* MainViewController.swift */; };
		7D2B4E9C1ED675F900770DF4 /* LiveViewController.swift in Sources */ = {isa = PBXBuildFile; fileRef = 7D2B4E9B1ED675F900770DF4 /* LiveViewController.swift */; };
		7D2B4EA11ED67A0000770DF4 /* Date+Extension.swift in Sources */ = {isa = PBXBuildFile; fileRef = 7D2B4E9D1ED67A0000770DF4 /* Date+Extension.swift */; };
		7D2B4EA21ED67A0000770DF4 /* KingfisherExtension.swift in Sources */ = {isa = PBXBuildFile; fileRef = 7D2B4E9E1ED67A0000770DF4 /* KingfisherExtension.swift */; };
		7D2B4EA31ED67A0000770DF4 /* UIColor+Extension.swift in Sources */ = {isa = PBXBuildFile; fileRef = 7D2B4E9F1ED67A0000770DF4 /* UIColor+Extension.swift */; };
		7D2B4EA41ED67A0000770DF4 /* UIBarButtonItem+Extension.swift in Sources */ = {isa = PBXBuildFile; fileRef = 7D2B4EA01ED67A0000770DF4 /* UIBarButtonItem+Extension.swift */; };
		7D2B4EA61ED67A0C00770DF4 /* NibLoadable.swift in Sources */ = {isa = PBXBuildFile; fileRef = 7D2B4EA51ED67A0C00770DF4 /* NibLoadable.swift */; };
		7D2B4EA81ED67A1400770DF4 /* BaseModel.swift in Sources */ = {isa = PBXBuildFile; fileRef = 7D2B4EA71ED67A1400770DF4 /* BaseModel.swift */; };
		7D2B4EAA1ED67A3600770DF4 /* Const.swift in Sources */ = {isa = PBXBuildFile; fileRef = 7D2B4EA91ED67A3600770DF4 /* Const.swift */; };
		922B0068D38EB9BC8FCC0D1D /* Pods_LiveSwift.framework in Frameworks */ = {isa = PBXBuildFile; fileRef = B064A28ED5FF3102B48F5A80 /* Pods_LiveSwift.framework */; };
/* End PBXBuildFile section */

/* Begin PBXFileReference section */
		4D8905539619DBCF109B8F81 /* Pods-LiveSwift.release.xcconfig */ = {isa = PBXFileReference; includeInIndex = 1; lastKnownFileType = text.xcconfig; name = "Pods-LiveSwift.release.xcconfig"; path = "Pods/Target Support Files/Pods-LiveSwift/Pods-LiveSwift.release.xcconfig"; sourceTree = "<group>"; };
		7D1F5CA21ED68525000800B3 /* CustomNavigationController.swift */ = {isa = PBXFileReference; fileEncoding = 4; lastKnownFileType = sourcecode.swift; path = CustomNavigationController.swift; sourceTree = "<group>"; };
		7D1F5CA61ED68AA7000800B3 /* HQContentView.swift */ = {isa = PBXFileReference; fileEncoding = 4; lastKnownFileType = sourcecode.swift; path = HQContentView.swift; sourceTree = "<group>"; };
		7D1F5CA71ED68AA7000800B3 /* HQPageCollectionView.swift */ = {isa = PBXFileReference; fileEncoding = 4; lastKnownFileType = sourcecode.swift; path = HQPageCollectionView.swift; sourceTree = "<group>"; };
		7D1F5CA81ED68AA7000800B3 /* HQPageCollectionViewLayout.swift */ = {isa = PBXFileReference; fileEncoding = 4; lastKnownFileType = sourcecode.swift; path = HQPageCollectionViewLayout.swift; sourceTree = "<group>"; };
		7D1F5CA91ED68AA7000800B3 /* HQPageView.swift */ = {isa = PBXFileReference; fileEncoding = 4; lastKnownFileType = sourcecode.swift; path = HQPageView.swift; sourceTree = "<group>"; };
		7D1F5CAA1ED68AA7000800B3 /* HQTitleLabel.swift */ = {isa = PBXFileReference; fileEncoding = 4; lastKnownFileType = sourcecode.swift; path = HQTitleLabel.swift; sourceTree = "<group>"; };
		7D1F5CAB1ED68AA7000800B3 /* HQTitleStyle.swift */ = {isa = PBXFileReference; fileEncoding = 4; lastKnownFileType = sourcecode.swift; path = HQTitleStyle.swift; sourceTree = "<group>"; };
		7D1F5CAC1ED68AA7000800B3 /* HQTitleView.swift */ = {isa = PBXFileReference; fileEncoding = 4; lastKnownFileType = sourcecode.swift; path = HQTitleView.swift; sourceTree = "<group>"; };
		7D1F5CB41ED68BCF000800B3 /* QHNormalEmotionSort.plist */ = {isa = PBXFileReference; lastKnownFileType = file.bplist; path = QHNormalEmotionSort.plist; sourceTree = "<group>"; };
		7D1F5CB51ED68BCF000800B3 /* QHSohuGifSort.plist */ = {isa = PBXFileReference; lastKnownFileType = file.bplist; path = QHSohuGifSort.plist; sourceTree = "<group>"; };
		7D1F5CB61ED68BCF000800B3 /* types.plist */ = {isa = PBXFileReference; fileEncoding = 4; lastKnownFileType = text.plist.xml; path = types.plist; sourceTree = "<group>"; };
		7D1F5CBA1ED68C54000800B3 /* HomeTitleModel.swift */ = {isa = PBXFileReference; fileEncoding = 4; lastKnownFileType = sourcecode.swift; path = HomeTitleModel.swift; sourceTree = "<group>"; };
		7D2B4E691ED66F0F00770DF4 /* LiveSwift.app */ = {isa = PBXFileReference; explicitFileType = wrapper.application; includeInIndex = 0; path = LiveSwift.app; sourceTree = BUILT_PRODUCTS_DIR; };
		7D2B4E6C1ED66F0F00770DF4 /* AppDelegate.swift */ = {isa = PBXFileReference; lastKnownFileType = sourcecode.swift; path = AppDelegate.swift; sourceTree = "<group>"; };
		7D2B4E731ED66F0F00770DF4 /* Assets.xcassets */ = {isa = PBXFileReference; lastKnownFileType = folder.assetcatalog; path = Assets.xcassets; sourceTree = "<group>"; };
		7D2B4E781ED66F0F00770DF4 /* Info.plist */ = {isa = PBXFileReference; lastKnownFileType = text.plist.xml; path = Info.plist; sourceTree = "<group>"; };
		7D2B4E8A1ED673CB00770DF4 /* MainViewController.swift */ = {isa = PBXFileReference; fileEncoding = 4; lastKnownFileType = sourcecode.swift; path = MainViewController.swift; sourceTree = "<group>"; };
		7D2B4E9B1ED675F900770DF4 /* LiveViewController.swift */ = {isa = PBXFileReference; fileEncoding = 4; lastKnownFileType = sourcecode.swift; path = LiveViewController.swift; sourceTree = "<group>"; };
		7D2B4E9D1ED67A0000770DF4 /* Date+Extension.swift */ = {isa = PBXFileReference; fileEncoding = 4; lastKnownFileType = sourcecode.swift; path = "Date+Extension.swift"; sourceTree = "<group>"; };
		7D2B4E9E1ED67A0000770DF4 /* KingfisherExtension.swift */ = {isa = PBXFileReference; fileEncoding = 4; lastKnownFileType = sourcecode.swift; path = KingfisherExtension.swift; sourceTree = "<group>"; };
		7D2B4E9F1ED67A0000770DF4 /* UIColor+Extension.swift */ = {isa = PBXFileReference; fileEncoding = 4; lastKnownFileType = sourcecode.swift; path = "UIColor+Extension.swift"; sourceTree = "<group>"; };
		7D2B4EA01ED67A0000770DF4 /* UIBarButtonItem+Extension.swift */ = {isa = PBXFileReference; fileEncoding = 4; lastKnownFileType = sourcecode.swift; path = "UIBarButtonItem+Extension.swift"; sourceTree = "<group>"; };
		7D2B4EA51ED67A0C00770DF4 /* NibLoadable.swift */ = {isa = PBXFileReference; fileEncoding = 4; lastKnownFileType = sourcecode.swift; path = NibLoadable.swift; sourceTree = "<group>"; };
		7D2B4EA71ED67A1400770DF4 /* BaseModel.swift */ = {isa = PBXFileReference; fileEncoding = 4; lastKnownFileType = sourcecode.swift; path = BaseModel.swift; sourceTree = "<group>"; };
		7D2B4EA91ED67A3600770DF4 /* Const.swift */ = {isa = PBXFileReference; fileEncoding = 4; lastKnownFileType = sourcecode.swift; path = Const.swift; sourceTree = "<group>"; };
		B064A28ED5FF3102B48F5A80 /* Pods_LiveSwift.framework */ = {isa = PBXFileReference; explicitFileType = wrapper.framework; includeInIndex = 0; path = Pods_LiveSwift.framework; sourceTree = BUILT_PRODUCTS_DIR; };
		F6B59AF248BB968A69ED752C /* Pods-LiveSwift.debug.xcconfig */ = {isa = PBXFileReference; includeInIndex = 1; lastKnownFileType = text.xcconfig; name = "Pods-LiveSwift.debug.xcconfig"; path = "Pods/Target Support Files/Pods-LiveSwift/Pods-LiveSwift.debug.xcconfig"; sourceTree = "<group>"; };
/* End PBXFileReference section */

/* Begin PBXFrameworksBuildPhase section */
		7D2B4E661ED66F0F00770DF4 /* Frameworks */ = {
			isa = PBXFrameworksBuildPhase;
			buildActionMask = 2147483647;
			files = (
				922B0068D38EB9BC8FCC0D1D /* Pods_LiveSwift.framework in Frameworks */,
			);
			runOnlyForDeploymentPostprocessing = 0;
		};
/* End PBXFrameworksBuildPhase section */

/* Begin PBXGroup section */
		7355570CFA99CBAAE95DD368 /* Pods */ = {
			isa = PBXGroup;
			children = (
				F6B59AF248BB968A69ED752C /* Pods-LiveSwift.debug.xcconfig */,
				4D8905539619DBCF109B8F81 /* Pods-LiveSwift.release.xcconfig */,
			);
			name = Pods;
			sourceTree = "<group>";
		};
		7D1F5CA41ED68A9D000800B3 /* Lib */ = {
			isa = PBXGroup;
			children = (
				7D1F5CA51ED68AA7000800B3 /* HQPageView */,
			);
			path = Lib;
			sourceTree = "<group>";
		};
		7D1F5CA51ED68AA7000800B3 /* HQPageView */ = {
			isa = PBXGroup;
			children = (
				7D1F5CA61ED68AA7000800B3 /* HQContentView.swift */,
				7D1F5CA71ED68AA7000800B3 /* HQPageCollectionView.swift */,
				7D1F5CA81ED68AA7000800B3 /* HQPageCollectionViewLayout.swift */,
				7D1F5CA91ED68AA7000800B3 /* HQPageView.swift */,
				7D1F5CAA1ED68AA7000800B3 /* HQTitleLabel.swift */,
				7D1F5CAB1ED68AA7000800B3 /* HQTitleStyle.swift */,
				7D1F5CAC1ED68AA7000800B3 /* HQTitleView.swift */,
			);
			path = HQPageView;
			sourceTree = "<group>";
		};
		7D2B4E601ED66F0F00770DF4 = {
			isa = PBXGroup;
			children = (
				7D2B4E6B1ED66F0F00770DF4 /* LiveSwift */,
				7D2B4E6A1ED66F0F00770DF4 /* Products */,
				7355570CFA99CBAAE95DD368 /* Pods */,
				A9163060C94D62D23F67EFBA /* Frameworks */,
			);
			sourceTree = "<group>";
		};
		7D2B4E6A1ED66F0F00770DF4 /* Products */ = {
			isa = PBXGroup;
			children = (
				7D2B4E691ED66F0F00770DF4 /* LiveSwift.app */,
			);
			name = Products;
			sourceTree = "<group>";
		};
		7D2B4E6B1ED66F0F00770DF4 /* LiveSwift */ = {
			isa = PBXGroup;
			children = (
				7D2B4E7E1ED6718F00770DF4 /* Classes */,
				7D2B4E831ED671B500770DF4 /* Tools */,
				7D1F5CA41ED68A9D000800B3 /* Lib */,
				7D2B4E6C1ED66F0F00770DF4 /* AppDelegate.swift */,
				7D2B4E731ED66F0F00770DF4 /* Assets.xcassets */,
				7D2B4E781ED66F0F00770DF4 /* Info.plist */,
			);
			path = LiveSwift;
			sourceTree = "<group>";
		};
		7D2B4E7E1ED6718F00770DF4 /* Classes */ = {
			isa = PBXGroup;
			children = (
				7D2B4E801ED6718F00770DF4 /* Main */,
				7D2B4E941ED675E500770DF4 /* Live */,
			);
			path = Classes;
			sourceTree = "<group>";
		};
		7D2B4E801ED6718F00770DF4 /* Main */ = {
			isa = PBXGroup;
			children = (
				7D2B4E891ED673C100770DF4 /* Controller */,
			);
			path = Main;
			sourceTree = "<group>";
		};
		7D2B4E821ED671B000770DF4 /* Resource */ = {
			isa = PBXGroup;
			children = (
				7D1F5CB41ED68BCF000800B3 /* QHNormalEmotionSort.plist */,
				7D1F5CB51ED68BCF000800B3 /* QHSohuGifSort.plist */,
				7D1F5CB61ED68BCF000800B3 /* types.plist */,
			);
			name = Resource;
			path = ../Resource;
			sourceTree = "<group>";
		};
		7D2B4E831ED671B500770DF4 /* Tools */ = {
			isa = PBXGroup;
			children = (
				7D2B4E851ED671B500770DF4 /* Extension */,
				7D2B4E861ED671B500770DF4 /* Protocol */,
				7D2B4E821ED671B000770DF4 /* Resource */,
				7D2B4EA71ED67A1400770DF4 /* BaseModel.swift */,
			);
			path = Tools;
			sourceTree = "<group>";
		};
		7D2B4E841ED671B500770DF4 /* Const */ = {
			isa = PBXGroup;
			children = (
				7D2B4EA91ED67A3600770DF4 /* Const.swift */,
			);
			name = Const;
			path = ../../../Tools/Const;
			sourceTree = "<group>";
		};
		7D2B4E851ED671B500770DF4 /* Extension */ = {
			isa = PBXGroup;
			children = (
				7D2B4E9D1ED67A0000770DF4 /* Date+Extension.swift */,
				7D2B4E9E1ED67A0000770DF4 /* KingfisherExtension.swift */,
				7D2B4E9F1ED67A0000770DF4 /* UIColor+Extension.swift */,
				7D2B4EA01ED67A0000770DF4 /* UIBarButtonItem+Extension.swift */,
			);
			path = Extension;
			sourceTree = "<group>";
		};
		7D2B4E861ED671B500770DF4 /* Protocol */ = {
			isa = PBXGroup;
			children = (
				7D2B4EA51ED67A0C00770DF4 /* NibLoadable.swift */,
			);
			path = Protocol;
			sourceTree = "<group>";
		};
		7D2B4E891ED673C100770DF4 /* Controller */ = {
			isa = PBXGroup;
			children = (
				7D2B4E8A1ED673CB00770DF4 /* MainViewController.swift */,
				7D1F5CA21ED68525000800B3 /* CustomNavigationController.swift */,
			);
			path = Controller;
			sourceTree = "<group>";
		};
		7D2B4E941ED675E500770DF4 /* Live */ = {
			isa = PBXGroup;
			children = (
				7D2B4E951ED675E500770DF4 /* Controller */,
				7D2B4E971ED675E500770DF4 /* Model */,
				7D2B4E981ED675E500770DF4 /* View */,
				7D2B4E991ED675E500770DF4 /* ViewModel */,
			);
			path = Live;
			sourceTree = "<group>";
		};
		7D2B4E951ED675E500770DF4 /* Controller */ = {
			isa = PBXGroup;
			children = (
				7D2B4E9B1ED675F900770DF4 /* LiveViewController.swift */,
			);
			path = Controller;
			sourceTree = "<group>";
		};
		7D2B4E971ED675E500770DF4 /* Model */ = {
			isa = PBXGroup;
			children = (
				7D1F5CBA1ED68C54000800B3 /* HomeTitleModel.swift */,
			);
			path = Model;
			sourceTree = "<group>";
		};
		7D2B4E981ED675E500770DF4 /* View */ = {
			isa = PBXGroup;
			children = (
			);
			path = View;
			sourceTree = "<group>";
		};
		7D2B4E991ED675E500770DF4 /* ViewModel */ = {
			isa = PBXGroup;
			children = (
				7D2B4E841ED671B500770DF4 /* Const */,
			);
			path = ViewModel;
			sourceTree = "<group>";
		};
		A9163060C94D62D23F67EFBA /* Frameworks */ = {
			isa = PBXGroup;
			children = (
				B064A28ED5FF3102B48F5A80 /* Pods_LiveSwift.framework */,
			);
			name = Frameworks;
			sourceTree = "<group>";
		};
/* End PBXGroup section */

/* Begin PBXNativeTarget section */
		7D2B4E681ED66F0F00770DF4 /* LiveSwift */ = {
			isa = PBXNativeTarget;
			buildConfigurationList = 7D2B4E7B1ED66F0F00770DF4 /* Build configuration list for PBXNativeTarget "LiveSwift" */;
			buildPhases = (
				84E520E557F4A320A6F46755 /* [CP] Check Pods Manifest.lock */,
				7D2B4E651ED66F0F00770DF4 /* Sources */,
				7D2B4E661ED66F0F00770DF4 /* Frameworks */,
				7D2B4E671ED66F0F00770DF4 /* Resources */,
				883CCBFC2086A797123C64BB /* [CP] Embed Pods Frameworks */,
				2CA25FFD63F73B39D53552BD /* [CP] Copy Pods Resources */,
			);
			buildRules = (
			);
			dependencies = (
			);
			name = LiveSwift;
			productName = LiveSwift;
			productReference = 7D2B4E691ED66F0F00770DF4 /* LiveSwift.app */;
			productType = "com.apple.product-type.application";
		};
/* End PBXNativeTarget section */

/* Begin PBXProject section */
		7D2B4E611ED66F0F00770DF4 /* Project object */ = {
			isa = PBXProject;
			attributes = {
				LastSwiftUpdateCheck = 0830;
				LastUpgradeCheck = 0830;
				ORGANIZATIONNAME = Enroute;
				TargetAttributes = {
					7D2B4E681ED66F0F00770DF4 = {
						CreatedOnToolsVersion = 8.3.2;
						DevelopmentTeam = 4A2425Y4NP;
						ProvisioningStyle = Automatic;
					};
				};
			};
			buildConfigurationList = 7D2B4E641ED66F0F00770DF4 /* Build configuration list for PBXProject "LiveSwift" */;
			compatibilityVersion = "Xcode 3.2";
			developmentRegion = English;
			hasScannedForEncodings = 0;
			knownRegions = (
				en,
				Base,
			);
			mainGroup = 7D2B4E601ED66F0F00770DF4;
			productRefGroup = 7D2B4E6A1ED66F0F00770DF4 /* Products */;
			projectDirPath = "";
			projectRoot = "";
			targets = (
				7D2B4E681ED66F0F00770DF4 /* LiveSwift */,
			);
		};
/* End PBXProject section */

/* Begin PBXResourcesBuildPhase section */
		7D2B4E671ED66F0F00770DF4 /* Resources */ = {
			isa = PBXResourcesBuildPhase;
			buildActionMask = 2147483647;
			files = (
				7D1F5CB81ED68BCF000800B3 /* QHSohuGifSort.plist in Resources */,
				7D1F5CB71ED68BCF000800B3 /* QHNormalEmotionSort.plist in Resources */,
				7D1F5CB91ED68BCF000800B3 /* types.plist in Resources */,
				7D2B4E741ED66F0F00770DF4 /* Assets.xcassets in Resources */,
			);
			runOnlyForDeploymentPostprocessing = 0;
		};
/* End PBXResourcesBuildPhase section */

/* Begin PBXShellScriptBuildPhase section */
		2CA25FFD63F73B39D53552BD /* [CP] Copy Pods Resources */ = {
			isa = PBXShellScriptBuildPhase;
			buildActionMask = 2147483647;
			files = (
			);
			inputPaths = (
			);
			name = "[CP] Copy Pods Resources";
			outputPaths = (
			);
			runOnlyForDeploymentPostprocessing = 0;
			shellPath = /bin/sh;
			shellScript = "\"${SRCROOT}/Pods/Target Support Files/Pods-LiveSwift/Pods-LiveSwift-resources.sh\"\n";
			showEnvVarsInLog = 0;
		};
		84E520E557F4A320A6F46755 /* [CP] Check Pods Manifest.lock */ = {
			isa = PBXShellScriptBuildPhase;
			buildActionMask = 2147483647;
			files = (
			);
			inputPaths = (
			);
			name = "[CP] Check Pods Manifest.lock";
			outputPaths = (
			);
			runOnlyForDeploymentPostprocessing = 0;
			shellPath = /bin/sh;
			shellScript = "diff \"${PODS_PODFILE_DIR_PATH}/Podfile.lock\" \"${PODS_ROOT}/Manifest.lock\" > /dev/null\nif [ $? != 0 ] ; then\n    # print error to STDERR\n    echo \"error: The sandbox is not in sync with the Podfile.lock. Run 'pod install' or update your CocoaPods installation.\" >&2\n    exit 1\nfi\n";
			showEnvVarsInLog = 0;
		};
		883CCBFC2086A797123C64BB /* [CP] Embed Pods Frameworks */ = {
			isa = PBXShellScriptBuildPhase;
			buildActionMask = 2147483647;
			files = (
			);
			inputPaths = (
			);
			name = "[CP] Embed Pods Frameworks";
			outputPaths = (
			);
			runOnlyForDeploymentPostprocessing = 0;
			shellPath = /bin/sh;
			shellScript = "\"${SRCROOT}/Pods/Target Support Files/Pods-LiveSwift/Pods-LiveSwift-frameworks.sh\"\n";
			showEnvVarsInLog = 0;
		};
/* End PBXShellScriptBuildPhase section */

/* Begin PBXSourcesBuildPhase section */
		7D2B4E651ED66F0F00770DF4 /* Sources */ = {
			isa = PBXSourcesBuildPhase;
			buildActionMask = 2147483647;
			files = (
				7D1F5CAE1ED68AA7000800B3 /* HQPageCollectionView.swift in Sources */,
				7D1F5CA31ED68525000800B3 /* CustomNavigationController.swift in Sources */,
				7D2B4EA41ED67A0000770DF4 /* UIBarButtonItem+Extension.swift in Sources */,
				7D2B4EA31ED67A0000770DF4 /* UIColor+Extension.swift in Sources */,
				7D1F5CBB1ED68C54000800B3 /* HomeTitleModel.swift in Sources */,
				7D1F5CB21ED68AA7000800B3 /* HQTitleStyle.swift in Sources */,
				7D1F5CAF1ED68AA7000800B3 /* HQPageCollectionViewLayout.swift in Sources */,
				7D2B4EA11ED67A0000770DF4 /* Date+Extension.swift in Sources */,
				7D2B4EA61ED67A0C00770DF4 /* NibLoadable.swift in Sources */,
				7D1F5CB01ED68AA7000800B3 /* HQPageView.swift in Sources */,
				7D1F5CB11ED68AA7000800B3 /* HQTitleLabel.swift in Sources */,
				7D2B4EA81ED67A1400770DF4 /* BaseModel.swift in Sources */,
				7D2B4E6D1ED66F0F00770DF4 /* AppDelegate.swift in Sources */,
				7D2B4EA21ED67A0000770DF4 /* KingfisherExtension.swift in Sources */,
				7D2B4E9C1ED675F900770DF4 /* LiveViewController.swift in Sources */,
				7D1F5CB31ED68AA7000800B3 /* HQTitleView.swift in Sources */,
				7D1F5CAD1ED68AA7000800B3 /* HQContentView.swift in Sources */,
				7D2B4E8B1ED673CB00770DF4 /* MainViewController.swift in Sources */,
				7D2B4EAA1ED67A3600770DF4 /* Const.swift in Sources */,
			);
			runOnlyForDeploymentPostprocessing = 0;
		};
/* End PBXSourcesBuildPhase section */

/* Begin XCBuildConfiguration section */
		7D2B4E791ED66F0F00770DF4 /* Debug */ = {
			isa = XCBuildConfiguration;
			buildSettings = {
				ALWAYS_SEARCH_USER_PATHS = NO;
				CLANG_ANALYZER_NONNULL = YES;
				CLANG_ANALYZER_NUMBER_OBJECT_CONVERSION = YES_AGGRESSIVE;
				CLANG_CXX_LANGUAGE_STANDARD = "gnu++0x";
				CLANG_CXX_LIBRARY = "libc++";
				CLANG_ENABLE_MODULES = YES;
				CLANG_ENABLE_OBJC_ARC = YES;
				CLANG_WARN_BOOL_CONVERSION = YES;
				CLANG_WARN_CONSTANT_CONVERSION = YES;
				CLANG_WARN_DIRECT_OBJC_ISA_USAGE = YES_ERROR;
				CLANG_WARN_DOCUMENTATION_COMMENTS = YES;
				CLANG_WARN_EMPTY_BODY = YES;
				CLANG_WARN_ENUM_CONVERSION = YES;
				CLANG_WARN_INFINITE_RECURSION = YES;
				CLANG_WARN_INT_CONVERSION = YES;
				CLANG_WARN_OBJC_ROOT_CLASS = YES_ERROR;
				CLANG_WARN_SUSPICIOUS_MOVE = YES;
				CLANG_WARN_UNREACHABLE_CODE = YES;
				CLANG_WARN__DUPLICATE_METHOD_MATCH = YES;
				"CODE_SIGN_IDENTITY[sdk=iphoneos*]" = "iPhone Developer";
				COPY_PHASE_STRIP = NO;
				DEBUG_INFORMATION_FORMAT = dwarf;
				ENABLE_STRICT_OBJC_MSGSEND = YES;
				ENABLE_TESTABILITY = YES;
				GCC_C_LANGUAGE_STANDARD = gnu99;
				GCC_DYNAMIC_NO_PIC = NO;
				GCC_NO_COMMON_BLOCKS = YES;
				GCC_OPTIMIZATION_LEVEL = 0;
				GCC_PREPROCESSOR_DEFINITIONS = (
					"DEBUG=1",
					"$(inherited)",
				);
				GCC_WARN_64_TO_32_BIT_CONVERSION = YES;
				GCC_WARN_ABOUT_RETURN_TYPE = YES_ERROR;
				GCC_WARN_UNDECLARED_SELECTOR = YES;
				GCC_WARN_UNINITIALIZED_AUTOS = YES_AGGRESSIVE;
				GCC_WARN_UNUSED_FUNCTION = YES;
				GCC_WARN_UNUSED_VARIABLE = YES;
				IPHONEOS_DEPLOYMENT_TARGET = 10.3;
				MTL_ENABLE_DEBUG_INFO = YES;
				ONLY_ACTIVE_ARCH = YES;
				SDKROOT = iphoneos;
				SWIFT_ACTIVE_COMPILATION_CONDITIONS = DEBUG;
				SWIFT_OPTIMIZATION_LEVEL = "-Onone";
				TARGETED_DEVICE_FAMILY = "1,2";
			};
			name = Debug;
		};
		7D2B4E7A1ED66F0F00770DF4 /* Release */ = {
			isa = XCBuildConfiguration;
			buildSettings = {
				ALWAYS_SEARCH_USER_PATHS = NO;
				CLANG_ANALYZER_NONNULL = YES;
				CLANG_ANALYZER_NUMBER_OBJECT_CONVERSION = YES_AGGRESSIVE;
				CLANG_CXX_LANGUAGE_STANDARD = "gnu++0x";
				CLANG_CXX_LIBRARY = "libc++";
				CLANG_ENABLE_MODULES = YES;
				CLANG_ENABLE_OBJC_ARC = YES;
				CLANG_WARN_BOOL_CONVERSION = YES;
				CLANG_WARN_CONSTANT_CONVERSION = YES;
				CLANG_WARN_DIRECT_OBJC_ISA_USAGE = YES_ERROR;
				CLANG_WARN_DOCUMENTATION_COMMENTS = YES;
				CLANG_WARN_EMPTY_BODY = YES;
				CLANG_WARN_ENUM_CONVERSION = YES;
				CLANG_WARN_INFINITE_RECURSION = YES;
				CLANG_WARN_INT_CONVERSION = YES;
				CLANG_WARN_OBJC_ROOT_CLASS = YES_ERROR;
				CLANG_WARN_SUSPICIOUS_MOVE = YES;
				CLANG_WARN_UNREACHABLE_CODE = YES;
				CLANG_WARN__DUPLICATE_METHOD_MATCH = YES;
				"CODE_SIGN_IDENTITY[sdk=iphoneos*]" = "iPhone Developer";
				COPY_PHASE_STRIP = NO;
				DEBUG_INFORMATION_FORMAT = "dwarf-with-dsym";
				ENABLE_NS_ASSERTIONS = NO;
				ENABLE_STRICT_OBJC_MSGSEND = YES;
				GCC_C_LANGUAGE_STANDARD = gnu99;
				GCC_NO_COMMON_BLOCKS = YES;
				GCC_WARN_64_TO_32_BIT_CONVERSION = YES;
				GCC_WARN_ABOUT_RETURN_TYPE = YES_ERROR;
				GCC_WARN_UNDECLARED_SELECTOR = YES;
				GCC_WARN_UNINITIALIZED_AUTOS = YES_AGGRESSIVE;
				GCC_WARN_UNUSED_FUNCTION = YES;
				GCC_WARN_UNUSED_VARIABLE = YES;
				IPHONEOS_DEPLOYMENT_TARGET = 10.3;
				MTL_ENABLE_DEBUG_INFO = NO;
				SDKROOT = iphoneos;
				SWIFT_OPTIMIZATION_LEVEL = "-Owholemodule";
				TARGETED_DEVICE_FAMILY = "1,2";
				VALIDATE_PRODUCT = YES;
			};
			name = Release;
		};
		7D2B4E7C1ED66F0F00770DF4 /* Debug */ = {
			isa = XCBuildConfiguration;
			baseConfigurationReference = F6B59AF248BB968A69ED752C /* Pods-LiveSwift.debug.xcconfig */;
			buildSettings = {
				ASSETCATALOG_COMPILER_APPICON_NAME = AppIcon;
				ASSETCATALOG_COMPILER_LAUNCHIMAGE_NAME = LaunchImage;
				DEVELOPMENT_TEAM = 4A2425Y4NP;
				INFOPLIST_FILE = LiveSwift/Info.plist;
				IPHONEOS_DEPLOYMENT_TARGET = 8.0;
				LD_RUNPATH_SEARCH_PATHS = "$(inherited) @executable_path/Frameworks";
				PRODUCT_BUNDLE_IDENTIFIER = com.hq.LiveSwift;
				PRODUCT_NAME = "$(TARGET_NAME)";
				SWIFT_VERSION = 3.0;
				TARGETED_DEVICE_FAMILY = 1;
			};
			name = Debug;
		};
		7D2B4E7D1ED66F0F00770DF4 /* Release */ = {
			isa = XCBuildConfiguration;
			baseConfigurationReference = 4D8905539619DBCF109B8F81 /* Pods-LiveSwift.release.xcconfig */;
			buildSettings = {
				ASSETCATALOG_COMPILER_APPICON_NAME = AppIcon;
				ASSETCATALOG_COMPILER_LAUNCHIMAGE_NAME = LaunchImage;
				DEVELOPMENT_TEAM = 4A2425Y4NP;
				INFOPLIST_FILE = LiveSwift/Info.plist;
				IPHONEOS_DEPLOYMENT_TARGET = 8.0;
				LD_RUNPATH_SEARCH_PATHS = "$(inherited) @executable_path/Frameworks";
				PRODUCT_BUNDLE_IDENTIFIER = com.hq.LiveSwift;
				PRODUCT_NAME = "$(TARGET_NAME)";
				SWIFT_VERSION = 3.0;
				TARGETED_DEVICE_FAMILY = 1;
			};
			name = Release;
		};
/* End XCBuildConfiguration section */

/* Begin XCConfigurationList section */
		7D2B4E641ED66F0F00770DF4 /* Build configuration list for PBXProject "LiveSwift" */ = {
			isa = XCConfigurationList;
			buildConfigurations = (
				7D2B4E791ED66F0F00770DF4 /* Debug */,
				7D2B4E7A1ED66F0F00770DF4 /* Release */,
			);
			defaultConfigurationIsVisible = 0;
			defaultConfigurationName = Release;
		};
		7D2B4E7B1ED66F0F00770DF4 /* Build configuration list for PBXNativeTarget "LiveSwift" */ = {
			isa = XCConfigurationList;
			buildConfigurations = (
				7D2B4E7C1ED66F0F00770DF4 /* Debug */,
				7D2B4E7D1ED66F0F00770DF4 /* Release */,
			);
			defaultConfigurationIsVisible = 0;
			defaultConfigurationName = Release;
		};
/* End XCConfigurationList section */
	};
	rootObject = 7D2B4E611ED66F0F00770DF4 /* Project object */;
}
